
Microsoft Visual Studio Solution File, Format Version 12.00
# Visual Studio Version 17
VisualStudioVersion = 17.12.35707.178
MinimumVisualStudioVersion = 10.0.40219.1
Project("{FAE04EC0-301F-11D3-BF4B-00C04F79EFBC}") = "OrderITDemo", "OrderITDemo\OrderITDemo.csproj", "{657C134B-35E7-4A3F-9F00-9426419DED72}"
EndProject
Project("{FAE04EC0-301F-11D3-BF4B-00C04F79EFBC}") = "OrderItTest", "OrderItTest\OrderItTest.csproj", "{ADA5DC0C-F3B3-416A-B9DB-901BB446B536}"
EndProject
Global
	GlobalSection(SolutionConfigurationPlatforms) = preSolution
		Debug|Any CPU = Debug|Any CPU
		Release|Any CPU = Release|Any CPU
	EndGlobalSection
	GlobalSection(ProjectConfigurationPlatforms) = postSolution
		{657C134B-35E7-4A3F-9F00-9426419DED72}.Debug|Any CPU.ActiveCfg = Debug|Any CPU
		{657C134B-35E7-4A3F-9F00-9426419DED72}.Debug|Any CPU.Build.0 = Debug|Any CPU
		{657C134B-35E7-4A3F-9F00-9426419DED72}.Release|Any CPU.ActiveCfg = Release|Any CPU
		{657C134B-35E7-4A3F-9F00-9426419DED72}.Release|Any CPU.Build.0 = Release|Any CPU
		{ADA5DC0C-F3B3-416A-B9DB-901BB446B536}.Debug|Any CPU.ActiveCfg = Debug|Any CPU
		{ADA5DC0C-F3B3-416A-B9DB-901BB446B536}.Debug|Any CPU.Build.0 = Debug|Any CPU
		{ADA5DC0C-F3B3-416A-B9DB-901BB446B536}.Release|Any CPU.ActiveCfg = Release|Any CPU
		{ADA5DC0C-F3B3-416A-B9DB-901BB446B536}.Release|Any CPU.Build.0 = Release|Any CPU
	EndGlobalSection
	GlobalSection(SolutionProperties) = preSolution
		HideSolutionNode = FALSE
	EndGlobalSection
EndGlobal
